// !$*UTF8*$!
{
	archiveVersion = 1;
	classes = {
	};
	objectVersion = 48;
	objects = {

/* Begin PBXBuildFile section */
		07D0539F203D7A1A002052FA /* AppDelegate.swift in Sources */ = {isa = PBXBuildFile; fileRef = 07D0539E203D7A1A002052FA /* AppDelegate.swift */; };
		07D053A1203D7A1A002052FA /* ViewController.swift in Sources */ = {isa = PBXBuildFile; fileRef = 07D053A0203D7A1A002052FA /* ViewController.swift */; };
		07D053A4203D7A1A002052FA /* Main.storyboard in Resources */ = {isa = PBXBuildFile; fileRef = 07D053A2203D7A1A002052FA /* Main.storyboard */; };
		07D053A6203D7A1A002052FA /* Assets.xcassets in Resources */ = {isa = PBXBuildFile; fileRef = 07D053A5203D7A1A002052FA /* Assets.xcassets */; };
		07D053A9203D7A1A002052FA /* LaunchScreen.storyboard in Resources */ = {isa = PBXBuildFile; fileRef = 07D053A7203D7A1A002052FA /* LaunchScreen.storyboard */; };
		07D053B2203DA021002052FA /* AVCaptureVideoOrientation+DeviceOrientation.swift in Sources */ = {isa = PBXBuildFile; fileRef = 07D053B1203DA021002052FA /* AVCaptureVideoOrientation+DeviceOrientation.swift */; };
/* End PBXBuildFile section */

/* Begin PBXFileReference section */
		07D0539B203D7A1A002052FA /* SmileDetector.app */ = {isa = PBXFileReference; explicitFileType = wrapper.application; includeInIndex = 0; path = SmileDetector.app; sourceTree = BUILT_PRODUCTS_DIR; };
		07D0539E203D7A1A002052FA /* AppDelegate.swift */ = {isa = PBXFileReference; lastKnownFileType = sourcecode.swift; path = AppDelegate.swift; sourceTree = "<group>"; };
		07D053A0203D7A1A002052FA /* ViewController.swift */ = {isa = PBXFileReference; lastKnownFileType = sourcecode.swift; path = ViewController.swift; sourceTree = "<group>"; };
		07D053A3203D7A1A002052FA /* Base */ = {isa = PBXFileReference; lastKnownFileType = file.storyboard; name = Base; path = Base.lproj/Main.storyboard; sourceTree = "<group>"; };
		07D053A5203D7A1A002052FA /* Assets.xcassets */ = {isa = PBXFileReference; lastKnownFileType = folder.assetcatalog; path = Assets.xcassets; sourceTree = "<group>"; };
		07D053A8203D7A1A002052FA /* Base */ = {isa = PBXFileReference; lastKnownFileType = file.storyboard; name = Base; path = Base.lproj/LaunchScreen.storyboard; sourceTree = "<group>"; };
		07D053AA203D7A1A002052FA /* Info.plist */ = {isa = PBXFileReference; lastKnownFileType = text.plist.xml; path = Info.plist; sourceTree = "<group>"; };
		07D053B1203DA021002052FA /* AVCaptureVideoOrientation+DeviceOrientation.swift */ = {isa = PBXFileReference; lastKnownFileType = sourcecode.swift; path = "AVCaptureVideoOrientation+DeviceOrientation.swift"; sourceTree = "<group>"; };
/* End PBXFileReference section */

/* Begin PBXFrameworksBuildPhase section */
		07D05398203D7A1A002052FA /* Frameworks */ = {
			isa = PBXFrameworksBuildPhase;
			buildActionMask = 2147483647;
			files = (
			);
			runOnlyForDeploymentPostprocessing = 0;
		};
/* End PBXFrameworksBuildPhase section */

/* Begin PBXGroup section */
		07D05392203D7A1A002052FA = {
			isa = PBXGroup;
			children = (
				07D0539D203D7A1A002052FA /* SmileDetector */,
				07D0539C203D7A1A002052FA /* Products */,
			);
			sourceTree = "<group>";
		};
		07D0539C203D7A1A002052FA /* Products */ = {
			isa = PBXGroup;
			children = (
				07D0539B203D7A1A002052FA /* SmileDetector.app */,
			);
			name = Products;
			sourceTree = "<group>";
		};
		07D0539D203D7A1A002052FA /* SmileDetector */ = {
			isa = PBXGroup;
			children = (
				07D053B0203D9FDF002052FA /* Extensions */,
				07D0539E203D7A1A002052FA /* AppDelegate.swift */,
				07D053A0203D7A1A002052FA /* ViewController.swift */,
				07D053A2203D7A1A002052FA /* Main.storyboard */,
				07D053A5203D7A1A002052FA /* Assets.xcassets */,
				07D053A7203D7A1A002052FA /* LaunchScreen.storyboard */,
				07D053AA203D7A1A002052FA /* Info.plist */,
			);
			path = SmileDetector;
			sourceTree = "<group>";
		};
		07D053B0203D9FDF002052FA /* Extensions */ = {
			isa = PBXGroup;
			children = (
				07D053B1203DA021002052FA /* AVCaptureVideoOrientation+DeviceOrientation.swift */,
			);
			path = Extensions;
			sourceTree = "<group>";
		};
/* End PBXGroup section */

/* Begin PBXNativeTarget section */
		07D0539A203D7A1A002052FA /* SmileDetector */ = {
			isa = PBXNativeTarget;
			buildConfigurationList = 07D053AD203D7A1A002052FA /* Build configuration list for PBXNativeTarget "SmileDetector" */;
			buildPhases = (
				07D05397203D7A1A002052FA /* Sources */,
				07D05398203D7A1A002052FA /* Frameworks */,
				07D05399203D7A1A002052FA /* Resources */,
			);
			buildRules = (
			);
			dependencies = (
			);
			name = SmileDetector;
			productName = SmileDetector;
			productReference = 07D0539B203D7A1A002052FA /* SmileDetector.app */;
			productType = "com.apple.product-type.application";
		};
/* End PBXNativeTarget section */

/* Begin PBXProject section */
		07D05393203D7A1A002052FA /* Project object */ = {
			isa = PBXProject;
			attributes = {
				LastSwiftUpdateCheck = 0920;
				LastUpgradeCheck = 0920;
				ORGANIZATIONNAME = "Sergey Butorin";
				TargetAttributes = {
					07D0539A203D7A1A002052FA = {
						CreatedOnToolsVersion = 9.2;
						ProvisioningStyle = Automatic;
					};
				};
			};
			buildConfigurationList = 07D05396203D7A1A002052FA /* Build configuration list for PBXProject "SmileDetector" */;
			compatibilityVersion = "Xcode 8.0";
			developmentRegion = en;
			hasScannedForEncodings = 0;
			knownRegions = (
				en,
				Base,
			);
			mainGroup = 07D05392203D7A1A002052FA;
			productRefGroup = 07D0539C203D7A1A002052FA /* Products */;
			projectDirPath = "";
			projectRoot = "";
			targets = (
				07D0539A203D7A1A002052FA /* SmileDetector */,
			);
		};
/* End PBXProject section */

/* Begin PBXResourcesBuildPhase section */
		07D05399203D7A1A002052FA /* Resources */ = {
			isa = PBXResourcesBuildPhase;
			buildActionMask = 2147483647;
			files = (
				07D053A9203D7A1A002052FA /* LaunchScreen.storyboard in Resources */,
				07D053A6203D7A1A002052FA /* Assets.xcassets in Resources */,
				07D053A4203D7A1A002052FA /* Main.storyboard in Resources */,
			);
			runOnlyForDeploymentPostprocessing = 0;
		};
/* End PBXResourcesBuildPhase section */

/* Begin PBXSourcesBuildPhase section */
		07D05397203D7A1A002052FA /* Sources */ = {
			isa = PBXSourcesBuildPhase;
			buildActionMask = 2147483647;
			files = (
				07D053A1203D7A1A002052FA /* ViewController.swift in Sources */,
				07D053B2203DA021002052FA /* AVCaptureVideoOrientation+DeviceOrientation.swift in Sources */,
				07D0539F203D7A1A002052FA /* AppDelegate.swift in Sources */,
			);
			runOnlyForDeploymentPostprocessing = 0;
		};
/* End PBXSourcesBuildPhase section */

/* Begin PBXVariantGroup section */
		07D053A2203D7A1A002052FA /* Main.storyboard */ = {
			isa = PBXVariantGroup;
			children = (
				07D053A3203D7A1A002052FA /* Base */,
			);
			name = Main.storyboard;
			sourceTree = "<group>";
		};
		07D053A7203D7A1A002052FA /* LaunchScreen.storyboard */ = {
			isa = PBXVariantGroup;
			children = (
				07D053A8203D7A1A002052FA /* Base */,
			);
			name = LaunchScreen.storyboard;
			sourceTree = "<group>";
		};
/* End PBXVariantGroup section */

/* Begin XCBuildConfiguration section */
		07D053AB203D7A1A002052FA /* Debug */ = {
			isa = XCBuildConfiguration;
			buildSettings = {
				ALWAYS_SEARCH_USER_PATHS = NO;
				CLANG_ANALYZER_NONNULL = YES;
				CLANG_ANALYZER_NUMBER_OBJECT_CONVERSION = YES_AGGRESSIVE;
				CLANG_CXX_LANGUAGE_STANDARD = "gnu++14";
				CLANG_CXX_LIBRARY = "libc++";
				CLANG_ENABLE_MODULES = YES;
				CLANG_ENABLE_OBJC_ARC = YES;
				CLANG_WARN_BLOCK_CAPTURE_AUTORELEASING = YES;
				CLANG_WARN_BOOL_CONVERSION = YES;
				CLANG_WARN_COMMA = YES;
				CLANG_WARN_CONSTANT_CONVERSION = YES;
				CLANG_WARN_DIRECT_OBJC_ISA_USAGE = YES_ERROR;
				CLANG_WARN_DOCUMENTATION_COMMENTS = YES;
				CLANG_WARN_EMPTY_BODY = YES;
				CLANG_WARN_ENUM_CONVERSION = YES;
				CLANG_WARN_INFINITE_RECURSION = YES;
				CLANG_WARN_INT_CONVERSION = YES;
				CLANG_WARN_NON_LITERAL_NULL_CONVERSION = YES;
				CLANG_WARN_OBJC_LITERAL_CONVERSION = YES;
				CLANG_WARN_OBJC_ROOT_CLASS = YES_ERROR;
				CLANG_WARN_RANGE_LOOP_ANALYSIS = YES;
				CLANG_WARN_STRICT_PROTOTYPES = YES;
				CLANG_WARN_SUSPICIOUS_MOVE = YES;
				CLANG_WARN_UNGUARDED_AVAILABILITY = YES_AGGRESSIVE;
				CLANG_WARN_UNREACHABLE_CODE = YES;
				CLANG_WARN__DUPLICATE_METHOD_MATCH = YES;
				CODE_SIGN_IDENTITY = "iPhone Developer";
				COPY_PHASE_STRIP = NO;
				DEBUG_INFORMATION_FORMAT = dwarf;
				ENABLE_STRICT_OBJC_MSGSEND = YES;
				ENABLE_TESTABILITY = YES;
				GCC_C_LANGUAGE_STANDARD = gnu11;
				GCC_DYNAMIC_NO_PIC = NO;
				GCC_NO_COMMON_BLOCKS = YES;
				GCC_OPTIMIZATION_LEVEL = 0;
				GCC_PREPROCESSOR_DEFINITIONS = (
					"DEBUG=1",
					"$(inherited)",
				);
				GCC_WARN_64_TO_32_BIT_CONVERSION = YES;
				GCC_WARN_ABOUT_RETURN_TYPE = YES_ERROR;
				GCC_WARN_UNDECLARED_SELECTOR = YES;
				GCC_WARN_UNINITIALIZED_AUTOS = YES_AGGRESSIVE;
				GCC_WARN_UNUSED_FUNCTION = YES;
				GCC_WARN_UNUSED_VARIABLE = YES;
				IPHONEOS_DEPLOYMENT_TARGET = 11.2;
				MTL_ENABLE_DEBUG_INFO = YES;
				ONLY_ACTIVE_ARCH = YES;
				SDKROOT = iphoneos;
				SWIFT_ACTIVE_COMPILATION_CONDITIONS = DEBUG;
				SWIFT_OPTIMIZATION_LEVEL = "-Onone";
			};
			name = Debug;
		};
		07D053AC203D7A1A002052FA /* Release */ = {
			isa = XCBuildConfiguration;
			buildSettings = {
				ALWAYS_SEARCH_USER_PATHS = NO;
				CLANG_ANALYZER_NONNULL = YES;
				CLANG_ANALYZER_NUMBER_OBJECT_CONVERSION = YES_AGGRESSIVE;
				CLANG_CXX_LANGUAGE_STANDARD = "gnu++14";
				CLANG_CXX_LIBRARY = "libc++";
				CLANG_ENABLE_MODULES = YES;
				CLANG_ENABLE_OBJC_ARC = YES;
				CLANG_WARN_BLOCK_CAPTURE_AUTORELEASING = YES;
				CLANG_WARN_BOOL_CONVERSION = YES;
				CLANG_WARN_COMMA = YES;
				CLANG_WARN_CONSTANT_CONVERSION = YES;
				CLANG_WARN_DIRECT_OBJC_ISA_USAGE = YES_ERROR;
				CLANG_WARN_DOCUMENTATION_COMMENTS = YES;
				CLANG_WARN_EMPTY_BODY = YES;
				CLANG_WARN_ENUM_CONVERSION = YES;
				CLANG_WARN_INFINITE_RECURSION = YES;
				CLANG_WARN_INT_CONVERSION = YES;
				CLANG_WARN_NON_LITERAL_NULL_CONVERSION = YES;
				CLANG_WARN_OBJC_LITERAL_CONVERSION = YES;
				CLANG_WARN_OBJC_ROOT_CLASS = YES_ERROR;
				CLANG_WARN_RANGE_LOOP_ANALYSIS = YES;
				CLANG_WARN_STRICT_PROTOTYPES = YES;
				CLANG_WARN_SUSPICIOUS_MOVE = YES;
				CLANG_WARN_UNGUARDED_AVAILABILITY = YES_AGGRESSIVE;
				CLANG_WARN_UNREACHABLE_CODE = YES;
				CLANG_WARN__DUPLICATE_METHOD_MATCH = YES;
				CODE_SIGN_IDENTITY = "iPhone Developer";
				COPY_PHASE_STRIP = NO;
				DEBUG_INFORMATION_FORMAT = "dwarf-with-dsym";
				ENABLE_NS_ASSERTIONS = NO;
				ENABLE_STRICT_OBJC_MSGSEND = YES;
				GCC_C_LANGUAGE_STANDARD = gnu11;
				GCC_NO_COMMON_BLOCKS = YES;
				GCC_WARN_64_TO_32_BIT_CONVERSION = YES;
				GCC_WARN_ABOUT_RETURN_TYPE = YES_ERROR;
				GCC_WARN_UNDECLARED_SELECTOR = YES;
				GCC_WARN_UNINITIALIZED_AUTOS = YES_AGGRESSIVE;
				GCC_WARN_UNUSED_FUNCTION = YES;
				GCC_WARN_UNUSED_VARIABLE = YES;
				IPHONEOS_DEPLOYMENT_TARGET = 11.2;
				MTL_ENABLE_DEBUG_INFO = NO;
				SDKROOT = iphoneos;
				SWIFT_OPTIMIZATION_LEVEL = "-Owholemodule";
				VALIDATE_PRODUCT = YES;
			};
			name = Release;
		};
		07D053AE203D7A1A002052FA /* Debug */ = {
			isa = XCBuildConfiguration;
			buildSettings = {
				ASSETCATALOG_COMPILER_APPICON_NAME = AppIcon;
				CODE_SIGN_STYLE = Automatic;
				DEVELOPMENT_TEAM = 3H2J8552ML;
				INFOPLIST_FILE = SmileDetector/Info.plist;
				LD_RUNPATH_SEARCH_PATHS = "$(inherited) @executable_path/Frameworks";
				PRODUCT_BUNDLE_IDENTIFIER = sergeybutorin.SmileDetector;
				PRODUCT_NAME = "$(TARGET_NAME)";
				SWIFT_VERSION = 4.0;
				TARGETED_DEVICE_FAMILY = "1,2";
			};
			name = Debug;
		};
		07D053AF203D7A1A002052FA /* Release */ = {
			isa = XCBuildConfiguration;
			buildSettings = {
				ASSETCATALOG_COMPILER_APPICON_NAME = AppIcon;
				CODE_SIGN_STYLE = Automatic;
				DEVELOPMENT_TEAM = 3H2J8552ML;
				INFOPLIST_FILE = SmileDetector/Info.plist;
				LD_RUNPATH_SEARCH_PATHS = "$(inherited) @executable_path/Frameworks";
				PRODUCT_BUNDLE_IDENTIFIER = sergeybutorin.SmileDetector;
				PRODUCT_NAME = "$(TARGET_NAME)";
				SWIFT_VERSION = 4.0;
				TARGETED_DEVICE_FAMILY = "1,2";
			};
			name = Release;
		};
/* End XCBuildConfiguration section */

/* Begin XCConfigurationList section */
		07D05396203D7A1A002052FA /* Build configuration list for PBXProject "SmileDetector" */ = {
			isa = XCConfigurationList;
			buildConfigurations = (
				07D053AB203D7A1A002052FA /* Debug */,
				07D053AC203D7A1A002052FA /* Release */,
			);
			defaultConfigurationIsVisible = 0;
			defaultConfigurationName = Release;
		};
		07D053AD203D7A1A002052FA /* Build configuration list for PBXNativeTarget "SmileDetector" */ = {
			isa = XCConfigurationList;
			buildConfigurations = (
				07D053AE203D7A1A002052FA /* Debug */,
				07D053AF203D7A1A002052FA /* Release */,
			);
			defaultConfigurationIsVisible = 0;
			defaultConfigurationName = Release;
		};
/* End XCConfigurationList section */
	};
	rootObject = 07D05393203D7A1A002052FA /* Project object */;
}
